
Microsoft Visual Studio Solution File, Format Version 12.00
# Visual Studio Version 16
VisualStudioVersion = 16.0.29519.87
MinimumVisualStudioVersion = 10.0.40219.1
Project("{8BC9CEB8-8B4A-11D0-8D11-00A0C91BC942}") = "BellmanFordAlgorithm", "BellmanFordAlgorithm\BellmanFordAlgorithm.vcxproj", "{4B6D79E2-F651-42B7-88C1-0971C7C3CA8C}"
EndProject
Global
	GlobalSection(SolutionConfigurationPlatforms) = preSolution
		Debug|x64 = Debug|x64
		Debug|x86 = Debug|x86
		Release|x64 = Release|x64
		Release|x86 = Release|x86
	EndGlobalSection
	GlobalSection(ProjectConfigurationPlatforms) = postSolution
		{4B6D79E2-F651-42B7-88C1-0971C7C3CA8C}.Debug|x64.ActiveCfg = Debug|x64
		{4B6D79E2-F651-42B7-88C1-0971C7C3CA8C}.Debug|x64.Build.0 = Debug|x64
		{4B6D79E2-F651-42B7-88C1-0971C7C3CA8C}.Debug|x86.ActiveCfg = Debug|Win32
		{4B6D79E2-F651-42B7-88C1-0971C7C3CA8C}.Debug|x86.Build.0 = Debug|Win32
		{4B6D79E2-F651-42B7-88C1-0971C7C3CA8C}.Release|x64.ActiveCfg = Release|x64
		{4B6D79E2-F651-42B7-88C1-0971C7C3CA8C}.Release|x64.Build.0 = Release|x64
		{4B6D79E2-F651-42B7-88C1-0971C7C3CA8C}.Release|x86.ActiveCfg = Release|Win32
		{4B6D79E2-F651-42B7-88C1-0971C7C3CA8C}.Release|x86.Build.0 = Release|Win32
	EndGlobalSection
	GlobalSection(SolutionProperties) = preSolution
		HideSolutionNode = FALSE
	EndGlobalSection
	GlobalSection(ExtensibilityGlobals) = postSolution
		SolutionGuid = {62758252-13BA-42F8-81F9-75C7C4BD738C}
	EndGlobalSection
EndGlobal
